{
  "name": "nixos-configuration-bird-wrapper",
  "version": "0.1.0",
  "lockfileVersion": 3,
  "requires": true,
  "packages": {
    "": {
      "name": "nixos-configuration-bird-wrapper",
      "version": "0.1.0",
      "dependencies": {
        "@steipete/bird": "0.8.0"
      }
    },
    "node_modules/@steipete/bird": {
      "version": "0.8.0",
      "resolved": "https://registry.npmjs.org/@steipete/bird/-/bird-0.8.0.tgz",
      "integrity": "sha512-p7+a9a/olzf1Rxe56a51VMFoBlFQpFVosC5B8dB3rOT8UbSZ3Ey5eXCZoLDjKXDf8xKINvSmGtMAd3yjeE4Gcw==",
      "deprecated": "Package no longer supported. Contact Support at https://www.npmjs.com/support for more info.",
      "dependencies": {
        "@steipete/sweet-cookie": "0.1.0",
        "commander": "^14.0.2",
        "json5": "^2.2.3",
        "kleur": "^4.1.5"
      },
      "bin": {
        "bird": "dist/cli.js"
      },
      "engines": {
        "node": ">=22"
      }
    },
    "node_modules/@steipete/sweet-cookie": {
      "version": "0.1.0",
      "resolved": "https://registry.npmjs.org/@steipete/sweet-cookie/-/sweet-cookie-0.1.0.tgz",
      "integrity": "sha512-cF8hS6rTohAFI1NAm2/HM9omBlw6V1DpwF6q5e9FB+l274HjtyirCgCc6QK2Rtuh7uDoqWHshFQZPsceyJuVgw==",
      "license": "MIT",
      "engines": {
        "node": ">=22"
      }
    },
    "node_modules/commander": {
      "version": "14.0.3",
      "resolved": "https://registry.npmjs.org/commander/-/commander-14.0.3.tgz",
      "integrity": "sha512-H+y0Jo/T1RZ9qPP4Eh1pkcQcLRglraJaSLoyOtHxu6AapkjWVCy2Sit1QQ4x3Dng8qDlSsZEet7g5Pq06MvTgw==",
      "license": "MIT",
      "engines": {
        "node": ">=20"
      }
    },
    "node_modules/json5": {
      "version": "2.2.3",
      "resolved": "https://registry.npmjs.org/json5/-/json5-2.2.3.tgz",
      "integrity": "sha512-XmOWe7eyHYH14cLdVPoyg+GOH3rYX++KpzrylJwSW98t3Nk+U8XOl8FWKOgwtzdb8lXGf6zYwDUzeHMWfxasyg==",
      "license": "MIT",
      "bin": {
        "json5": "lib/cli.js"
      },
      "engines": {
        "node": ">=6"
      }
    },
    "node_modules/kleur": {
      "version": "4.1.5",
      "resolved": "https://registry.npmjs.org/kleur/-/kleur-4.1.5.tgz",
      "integrity": "sha512-o+NO+8WrRiQEE4/7nwRJhN1HWpVmJm511pBHUxPLtp0BUISzlBplORYSmTclCnJvQq2tKu/sgl3xVpkc7ZWuQQ==",
      "license": "MIT",
      "engines": {
        "node": ">=6"
      }
    }
  }
}
